// !$*UTF8*$!
{
	archiveVersion = 1;
	classes = {
	};
	objectVersion = 50;
	objects = {

/* Begin PBXBuildFile section */
		952BDBD3254B8733005BF1D3 /* AppDelegate.swift in Sources */ = {isa = PBXBuildFile; fileRef = 952BDBD2254B8733005BF1D3 /* AppDelegate.swift */; };
		952BDBD5254B8733005BF1D3 /* SceneDelegate.swift in Sources */ = {isa = PBXBuildFile; fileRef = 952BDBD4254B8733005BF1D3 /* SceneDelegate.swift */; };
		952BDBD7254B8733005BF1D3 /* StartViewController.swift in Sources */ = {isa = PBXBuildFile; fileRef = 952BDBD6254B8733005BF1D3 /* StartViewController.swift */; };
		952BDBDA254B8733005BF1D3 /* Main.storyboard in Resources */ = {isa = PBXBuildFile; fileRef = 952BDBD8254B8733005BF1D3 /* Main.storyboard */; };
		952BDBDC254B8734005BF1D3 /* Assets.xcassets in Resources */ = {isa = PBXBuildFile; fileRef = 952BDBDB254B8734005BF1D3 /* Assets.xcassets */; };
		952BDBDF254B8734005BF1D3 /* LaunchScreen.storyboard in Resources */ = {isa = PBXBuildFile; fileRef = 952BDBDD254B8734005BF1D3 /* LaunchScreen.storyboard */; };
		955FB552254BCAA900F7B3EF /* MainViewController.swift in Sources */ = {isa = PBXBuildFile; fileRef = 955FB551254BCAA900F7B3EF /* MainViewController.swift */; };
/* End PBXBuildFile section */

/* Begin PBXFileReference section */
		952BDBCF254B8733005BF1D3 /* 100daysNoFap.app */ = {isa = PBXFileReference; explicitFileType = wrapper.application; includeInIndex = 0; path = 100daysNoFap.app; sourceTree = BUILT_PRODUCTS_DIR; };
		952BDBD2254B8733005BF1D3 /* AppDelegate.swift */ = {isa = PBXFileReference; lastKnownFileType = sourcecode.swift; path = AppDelegate.swift; sourceTree = "<group>"; };
		952BDBD4254B8733005BF1D3 /* SceneDelegate.swift */ = {isa = PBXFileReference; lastKnownFileType = sourcecode.swift; path = SceneDelegate.swift; sourceTree = "<group>"; };
		952BDBD6254B8733005BF1D3 /* StartViewController.swift */ = {isa = PBXFileReference; lastKnownFileType = sourcecode.swift; path = StartViewController.swift; sourceTree = "<group>"; };
		952BDBD9254B8733005BF1D3 /* Base */ = {isa = PBXFileReference; lastKnownFileType = file.storyboard; name = Base; path = Base.lproj/Main.storyboard; sourceTree = "<group>"; };
		952BDBDB254B8734005BF1D3 /* Assets.xcassets */ = {isa = PBXFileReference; lastKnownFileType = folder.assetcatalog; path = Assets.xcassets; sourceTree = "<group>"; };
		952BDBDE254B8734005BF1D3 /* Base */ = {isa = PBXFileReference; lastKnownFileType = file.storyboard; name = Base; path = Base.lproj/LaunchScreen.storyboard; sourceTree = "<group>"; };
		952BDBE0254B8734005BF1D3 /* Info.plist */ = {isa = PBXFileReference; lastKnownFileType = text.plist.xml; path = Info.plist; sourceTree = "<group>"; };
		955FB551254BCAA900F7B3EF /* MainViewController.swift */ = {isa = PBXFileReference; lastKnownFileType = sourcecode.swift; path = MainViewController.swift; sourceTree = "<group>"; };
/* End PBXFileReference section */

/* Begin PBXFrameworksBuildPhase section */
		952BDBCC254B8733005BF1D3 /* Frameworks */ = {
			isa = PBXFrameworksBuildPhase;
			buildActionMask = 2147483647;
			files = (
			);
			runOnlyForDeploymentPostprocessing = 0;
		};
/* End PBXFrameworksBuildPhase section */

/* Begin PBXGroup section */
		952BDBC6254B8732005BF1D3 = {
			isa = PBXGroup;
			children = (
				952BDBD1254B8733005BF1D3 /* 100daysNoFap */,
				952BDBD0254B8733005BF1D3 /* Products */,
			);
			sourceTree = "<group>";
		};
		952BDBD0254B8733005BF1D3 /* Products */ = {
			isa = PBXGroup;
			children = (
				952BDBCF254B8733005BF1D3 /* 100daysNoFap.app */,
			);
			name = Products;
			sourceTree = "<group>";
		};
		952BDBD1254B8733005BF1D3 /* 100daysNoFap */ = {
			isa = PBXGroup;
			children = (
				952BDBD2254B8733005BF1D3 /* AppDelegate.swift */,
				952BDBD4254B8733005BF1D3 /* SceneDelegate.swift */,
				952BDBEC254B87A2005BF1D3 /* Model */,
				952BDBEA254B8798005BF1D3 /* Controller */,
				952BDBE8254B8789005BF1D3 /* View */,
				952BDBDB254B8734005BF1D3 /* Assets.xcassets */,
				952BDBDD254B8734005BF1D3 /* LaunchScreen.storyboard */,
				952BDBE0254B8734005BF1D3 /* Info.plist */,
			);
			path = 100daysNoFap;
			sourceTree = "<group>";
		};
		952BDBE8254B8789005BF1D3 /* View */ = {
			isa = PBXGroup;
			children = (
				952BDBD8254B8733005BF1D3 /* Main.storyboard */,
			);
			path = View;
			sourceTree = "<group>";
		};
		952BDBEA254B8798005BF1D3 /* Controller */ = {
			isa = PBXGroup;
			children = (
				952BDBD6254B8733005BF1D3 /* StartViewController.swift */,
				955FB551254BCAA900F7B3EF /* MainViewController.swift */,
			);
			path = Controller;
			sourceTree = "<group>";
		};
		952BDBEC254B87A2005BF1D3 /* Model */ = {
			isa = PBXGroup;
			children = (
			);
			path = Model;
			sourceTree = "<group>";
		};
/* End PBXGroup section */

/* Begin PBXNativeTarget section */
		952BDBCE254B8733005BF1D3 /* 100daysNoFap */ = {
			isa = PBXNativeTarget;
			buildConfigurationList = 952BDBE3254B8734005BF1D3 /* Build configuration list for PBXNativeTarget "100daysNoFap" */;
			buildPhases = (
				952BDBCB254B8733005BF1D3 /* Sources */,
				952BDBCC254B8733005BF1D3 /* Frameworks */,
				952BDBCD254B8733005BF1D3 /* Resources */,
			);
			buildRules = (
			);
			dependencies = (
			);
			name = 100daysNoFap;
			productName = 100daysNoFap;
			productReference = 952BDBCF254B8733005BF1D3 /* 100daysNoFap.app */;
			productType = "com.apple.product-type.application";
		};
/* End PBXNativeTarget section */

/* Begin PBXProject section */
		952BDBC7254B8732005BF1D3 /* Project object */ = {
			isa = PBXProject;
			attributes = {
				LastSwiftUpdateCheck = 1210;
				LastUpgradeCheck = 1210;
				TargetAttributes = {
					952BDBCE254B8733005BF1D3 = {
						CreatedOnToolsVersion = 12.1;
					};
				};
			};
			buildConfigurationList = 952BDBCA254B8732005BF1D3 /* Build configuration list for PBXProject "100daysNoFap" */;
			compatibilityVersion = "Xcode 9.3";
			developmentRegion = en;
			hasScannedForEncodings = 0;
			knownRegions = (
				en,
				Base,
			);
			mainGroup = 952BDBC6254B8732005BF1D3;
			productRefGroup = 952BDBD0254B8733005BF1D3 /* Products */;
			projectDirPath = "";
			projectRoot = "";
			targets = (
				952BDBCE254B8733005BF1D3 /* 100daysNoFap */,
			);
		};
/* End PBXProject section */

/* Begin PBXResourcesBuildPhase section */
		952BDBCD254B8733005BF1D3 /* Resources */ = {
			isa = PBXResourcesBuildPhase;
			buildActionMask = 2147483647;
			files = (
				952BDBDF254B8734005BF1D3 /* LaunchScreen.storyboard in Resources */,
				952BDBDC254B8734005BF1D3 /* Assets.xcassets in Resources */,
				952BDBDA254B8733005BF1D3 /* Main.storyboard in Resources */,
			);
			runOnlyForDeploymentPostprocessing = 0;
		};
/* End PBXResourcesBuildPhase section */

/* Begin PBXSourcesBuildPhase section */
		952BDBCB254B8733005BF1D3 /* Sources */ = {
			isa = PBXSourcesBuildPhase;
			buildActionMask = 2147483647;
			files = (
				952BDBD7254B8733005BF1D3 /* StartViewController.swift in Sources */,
				952BDBD3254B8733005BF1D3 /* AppDelegate.swift in Sources */,
				952BDBD5254B8733005BF1D3 /* SceneDelegate.swift in Sources */,
				955FB552254BCAA900F7B3EF /* MainViewController.swift in Sources */,
			);
			runOnlyForDeploymentPostprocessing = 0;
		};
/* End PBXSourcesBuildPhase section */

/* Begin PBXVariantGroup section */
		952BDBD8254B8733005BF1D3 /* Main.storyboard */ = {
			isa = PBXVariantGroup;
			children = (
				952BDBD9254B8733005BF1D3 /* Base */,
			);
			name = Main.storyboard;
			sourceTree = "<group>";
		};
		952BDBDD254B8734005BF1D3 /* LaunchScreen.storyboard */ = {
			isa = PBXVariantGroup;
			children = (
				952BDBDE254B8734005BF1D3 /* Base */,
			);
			name = LaunchScreen.storyboard;
			sourceTree = "<group>";
		};
/* End PBXVariantGroup section */

/* Begin XCBuildConfiguration section */
		952BDBE1254B8734005BF1D3 /* Debug */ = {
			isa = XCBuildConfiguration;
			buildSettings = {
				ALWAYS_SEARCH_USER_PATHS = NO;
				CLANG_ANALYZER_NONNULL = YES;
				CLANG_ANALYZER_NUMBER_OBJECT_CONVERSION = YES_AGGRESSIVE;
				CLANG_CXX_LANGUAGE_STANDARD = "gnu++14";
				CLANG_CXX_LIBRARY = "libc++";
				CLANG_ENABLE_MODULES = YES;
				CLANG_ENABLE_OBJC_ARC = YES;
				CLANG_ENABLE_OBJC_WEAK = YES;
				CLANG_WARN_BLOCK_CAPTURE_AUTORELEASING = YES;
				CLANG_WARN_BOOL_CONVERSION = YES;
				CLANG_WARN_COMMA = YES;
				CLANG_WARN_CONSTANT_CONVERSION = YES;
				CLANG_WARN_DEPRECATED_OBJC_IMPLEMENTATIONS = YES;
				CLANG_WARN_DIRECT_OBJC_ISA_USAGE = YES_ERROR;
				CLANG_WARN_DOCUMENTATION_COMMENTS = YES;
				CLANG_WARN_EMPTY_BODY = YES;
				CLANG_WARN_ENUM_CONVERSION = YES;
				CLANG_WARN_INFINITE_RECURSION = YES;
				CLANG_WARN_INT_CONVERSION = YES;
				CLANG_WARN_NON_LITERAL_NULL_CONVERSION = YES;
				CLANG_WARN_OBJC_IMPLICIT_RETAIN_SELF = YES;
				CLANG_WARN_OBJC_LITERAL_CONVERSION = YES;
				CLANG_WARN_OBJC_ROOT_CLASS = YES_ERROR;
				CLANG_WARN_QUOTED_INCLUDE_IN_FRAMEWORK_HEADER = YES;
				CLANG_WARN_RANGE_LOOP_ANALYSIS = YES;
				CLANG_WARN_STRICT_PROTOTYPES = YES;
				CLANG_WARN_SUSPICIOUS_MOVE = YES;
				CLANG_WARN_UNGUARDED_AVAILABILITY = YES_AGGRESSIVE;
				CLANG_WARN_UNREACHABLE_CODE = YES;
				CLANG_WARN__DUPLICATE_METHOD_MATCH = YES;
				COPY_PHASE_STRIP = NO;
				DEBUG_INFORMATION_FORMAT = dwarf;
				ENABLE_STRICT_OBJC_MSGSEND = YES;
				ENABLE_TESTABILITY = YES;
				GCC_C_LANGUAGE_STANDARD = gnu11;
				GCC_DYNAMIC_NO_PIC = NO;
				GCC_NO_COMMON_BLOCKS = YES;
				GCC_OPTIMIZATION_LEVEL = 0;
				GCC_PREPROCESSOR_DEFINITIONS = (
					"DEBUG=1",
					"$(inherited)",
				);
				GCC_WARN_64_TO_32_BIT_CONVERSION = YES;
				GCC_WARN_ABOUT_RETURN_TYPE = YES_ERROR;
				GCC_WARN_UNDECLARED_SELECTOR = YES;
				GCC_WARN_UNINITIALIZED_AUTOS = YES_AGGRESSIVE;
				GCC_WARN_UNUSED_FUNCTION = YES;
				GCC_WARN_UNUSED_VARIABLE = YES;
				IPHONEOS_DEPLOYMENT_TARGET = 14.1;
				MTL_ENABLE_DEBUG_INFO = INCLUDE_SOURCE;
				MTL_FAST_MATH = YES;
				ONLY_ACTIVE_ARCH = YES;
				SDKROOT = iphoneos;
				SWIFT_ACTIVE_COMPILATION_CONDITIONS = DEBUG;
				SWIFT_OPTIMIZATION_LEVEL = "-Onone";
			};
			name = Debug;
		};
		952BDBE2254B8734005BF1D3 /* Release */ = {
			isa = XCBuildConfiguration;
			buildSettings = {
				ALWAYS_SEARCH_USER_PATHS = NO;
				CLANG_ANALYZER_NONNULL = YES;
				CLANG_ANALYZER_NUMBER_OBJECT_CONVERSION = YES_AGGRESSIVE;
				CLANG_CXX_LANGUAGE_STANDARD = "gnu++14";
				CLANG_CXX_LIBRARY = "libc++";
				CLANG_ENABLE_MODULES = YES;
				CLANG_ENABLE_OBJC_ARC = YES;
				CLANG_ENABLE_OBJC_WEAK = YES;
				CLANG_WARN_BLOCK_CAPTURE_AUTORELEASING = YES;
				CLANG_WARN_BOOL_CONVERSION = YES;
				CLANG_WARN_COMMA = YES;
				CLANG_WARN_CONSTANT_CONVERSION = YES;
				CLANG_WARN_DEPRECATED_OBJC_IMPLEMENTATIONS = YES;
				CLANG_WARN_DIRECT_OBJC_ISA_USAGE = YES_ERROR;
				CLANG_WARN_DOCUMENTATION_COMMENTS = YES;
				CLANG_WARN_EMPTY_BODY = YES;
				CLANG_WARN_ENUM_CONVERSION = YES;
				CLANG_WARN_INFINITE_RECURSION = YES;
				CLANG_WARN_INT_CONVERSION = YES;
				CLANG_WARN_NON_LITERAL_NULL_CONVERSION = YES;
				CLANG_WARN_OBJC_IMPLICIT_RETAIN_SELF = YES;
				CLANG_WARN_OBJC_LITERAL_CONVERSION = YES;
				CLANG_WARN_OBJC_ROOT_CLASS = YES_ERROR;
				CLANG_WARN_QUOTED_INCLUDE_IN_FRAMEWORK_HEADER = YES;
				CLANG_WARN_RANGE_LOOP_ANALYSIS = YES;
				CLANG_WARN_STRICT_PROTOTYPES = YES;
				CLANG_WARN_SUSPICIOUS_MOVE = YES;
				CLANG_WARN_UNGUARDED_AVAILABILITY = YES_AGGRESSIVE;
				CLANG_WARN_UNREACHABLE_CODE = YES;
				CLANG_WARN__DUPLICATE_METHOD_MATCH = YES;
				COPY_PHASE_STRIP = NO;
				DEBUG_INFORMATION_FORMAT = "dwarf-with-dsym";
				ENABLE_NS_ASSERTIONS = NO;
				ENABLE_STRICT_OBJC_MSGSEND = YES;
				GCC_C_LANGUAGE_STANDARD = gnu11;
				GCC_NO_COMMON_BLOCKS = YES;
				GCC_WARN_64_TO_32_BIT_CONVERSION = YES;
				GCC_WARN_ABOUT_RETURN_TYPE = YES_ERROR;
				GCC_WARN_UNDECLARED_SELECTOR = YES;
				GCC_WARN_UNINITIALIZED_AUTOS = YES_AGGRESSIVE;
				GCC_WARN_UNUSED_FUNCTION = YES;
				GCC_WARN_UNUSED_VARIABLE = YES;
				IPHONEOS_DEPLOYMENT_TARGET = 14.1;
				MTL_ENABLE_DEBUG_INFO = NO;
				MTL_FAST_MATH = YES;
				SDKROOT = iphoneos;
				SWIFT_COMPILATION_MODE = wholemodule;
				SWIFT_OPTIMIZATION_LEVEL = "-O";
				VALIDATE_PRODUCT = YES;
			};
			name = Release;
		};
		952BDBE4254B8734005BF1D3 /* Debug */ = {
			isa = XCBuildConfiguration;
			buildSettings = {
				ASSETCATALOG_COMPILER_APPICON_NAME = AppIcon;
				ASSETCATALOG_COMPILER_GLOBAL_ACCENT_COLOR_NAME = AccentColor;
				CODE_SIGN_STYLE = Automatic;
				DEVELOPMENT_TEAM = T4CL79J5Y8;
				INFOPLIST_FILE = 100daysNoFap/Info.plist;
				LD_RUNPATH_SEARCH_PATHS = (
					"$(inherited)",
					"@executable_path/Frameworks",
				);
				PRODUCT_BUNDLE_IDENTIFIER = "com.xavierchia.-00daysNoFap";
				PRODUCT_NAME = "$(TARGET_NAME)";
				SWIFT_VERSION = 5.0;
				TARGETED_DEVICE_FAMILY = "1,2";
			};
			name = Debug;
		};
		952BDBE5254B8734005BF1D3 /* Release */ = {
			isa = XCBuildConfiguration;
			buildSettings = {
				ASSETCATALOG_COMPILER_APPICON_NAME = AppIcon;
				ASSETCATALOG_COMPILER_GLOBAL_ACCENT_COLOR_NAME = AccentColor;
				CODE_SIGN_STYLE = Automatic;
				DEVELOPMENT_TEAM = T4CL79J5Y8;
				INFOPLIST_FILE = 100daysNoFap/Info.plist;
				LD_RUNPATH_SEARCH_PATHS = (
					"$(inherited)",
					"@executable_path/Frameworks",
				);
				PRODUCT_BUNDLE_IDENTIFIER = "com.xavierchia.-00daysNoFap";
				PRODUCT_NAME = "$(TARGET_NAME)";
				SWIFT_VERSION = 5.0;
				TARGETED_DEVICE_FAMILY = "1,2";
			};
			name = Release;
		};
/* End XCBuildConfiguration section */

/* Begin XCConfigurationList section */
		952BDBCA254B8732005BF1D3 /* Build configuration list for PBXProject "100daysNoFap" */ = {
			isa = XCConfigurationList;
			buildConfigurations = (
				952BDBE1254B8734005BF1D3 /* Debug */,
				952BDBE2254B8734005BF1D3 /* Release */,
			);
			defaultConfigurationIsVisible = 0;
			defaultConfigurationName = Release;
		};
		952BDBE3254B8734005BF1D3 /* Build configuration list for PBXNativeTarget "100daysNoFap" */ = {
			isa = XCConfigurationList;
			buildConfigurations = (
				952BDBE4254B8734005BF1D3 /* Debug */,
				952BDBE5254B8734005BF1D3 /* Release */,
			);
			defaultConfigurationIsVisible = 0;
			defaultConfigurationName = Release;
		};
/* End XCConfigurationList section */
	};
	rootObject = 952BDBC7254B8732005BF1D3 /* Project object */;
}
